
Microsoft Visual Studio Solution File, Format Version 12.00
# Visual Studio 2013
VisualStudioVersion = 12.0.30723.0
MinimumVisualStudioVersion = 10.0.40219.1
Project("{FAE04EC0-301F-11D3-BF4B-00C04F79EFBC}") = "ADCST", "ADCST.csproj", "{73396253-846E-47F2-AFCD-3BE1FDBE54AB}"
EndProject
Project("{2150E333-8FDC-42A3-9474-1A3956D46DE8}") = ".nuget", ".nuget", "{2778E445-12D2-4FCA-801D-57DF83C94DBE}"
	ProjectSection(SolutionItems) = preProject
		.nuget\NuGet.Config = .nuget\NuGet.Config
		.nuget\NuGet.exe = .nuget\NuGet.exe
		.nuget\NuGet.targets = .nuget\NuGet.targets
	EndProjectSection
EndProject
Global
	GlobalSection(SolutionConfigurationPlatforms) = preSolution
		Debug|Any CPU = Debug|Any CPU
		Release|Any CPU = Release|Any CPU
	EndGlobalSection
	GlobalSection(ProjectConfigurationPlatforms) = postSolution
		{73396253-846E-47F2-AFCD-3BE1FDBE54AB}.Debug|Any CPU.ActiveCfg = Debug|Any CPU
		{73396253-846E-47F2-AFCD-3BE1FDBE54AB}.Debug|Any CPU.Build.0 = Debug|Any CPU
		{73396253-846E-47F2-AFCD-3BE1FDBE54AB}.Release|Any CPU.ActiveCfg = Release|Any CPU
		{73396253-846E-47F2-AFCD-3BE1FDBE54AB}.Release|Any CPU.Build.0 = Release|Any CPU
	EndGlobalSection
	GlobalSection(SolutionProperties) = preSolution
		HideSolutionNode = FALSE
	EndGlobalSection
EndGlobal
